
Microsoft Visual Studio Solution File, Format Version 12.00
# Visual Studio Version 17
VisualStudioVersion = 17.5.002.0
MinimumVisualStudioVersion = 10.0.40219.1
Project("{9A19103F-16F7-4668-BE54-9A1E7A4F7556}") = "shopapp.webui", "shopapp.webui.csproj", "{029E2378-FEB4-4685-AB0A-C0C9BD6388E1}"
EndProject
Project("{9A19103F-16F7-4668-BE54-9A1E7A4F7556}") = "shopapp.data", "..\shopapp.data\shopapp.data.csproj", "{7E90CA5C-8C7E-4990-8E1B-375AB3E27DD1}"
EndProject
Project("{9A19103F-16F7-4668-BE54-9A1E7A4F7556}") = "shopapp.entity", "..\shopapp.entity\shopapp.entity.csproj", "{79BA2FE9-745E-4AC1-ACA3-F7D57E968598}"
EndProject
Project("{FAE04EC0-301F-11D3-BF4B-00C04F79EFBC}") = "shopapp.business", "..\shopapp.business\shopapp.business.csproj", "{C3D2B310-8D9C-4DAB-86FB-C7D4AEB9A82A}"
EndProject
Global
	GlobalSection(SolutionConfigurationPlatforms) = preSolution
		Debug|Any CPU = Debug|Any CPU
		Release|Any CPU = Release|Any CPU
	EndGlobalSection
	GlobalSection(ProjectConfigurationPlatforms) = postSolution
		{029E2378-FEB4-4685-AB0A-C0C9BD6388E1}.Debug|Any CPU.ActiveCfg = Debug|Any CPU
		{029E2378-FEB4-4685-AB0A-C0C9BD6388E1}.Debug|Any CPU.Build.0 = Debug|Any CPU
		{029E2378-FEB4-4685-AB0A-C0C9BD6388E1}.Release|Any CPU.ActiveCfg = Release|Any CPU
		{029E2378-FEB4-4685-AB0A-C0C9BD6388E1}.Release|Any CPU.Build.0 = Release|Any CPU
		{7E90CA5C-8C7E-4990-8E1B-375AB3E27DD1}.Debug|Any CPU.ActiveCfg = Debug|Any CPU
		{7E90CA5C-8C7E-4990-8E1B-375AB3E27DD1}.Debug|Any CPU.Build.0 = Debug|Any CPU
		{7E90CA5C-8C7E-4990-8E1B-375AB3E27DD1}.Release|Any CPU.ActiveCfg = Release|Any CPU
		{7E90CA5C-8C7E-4990-8E1B-375AB3E27DD1}.Release|Any CPU.Build.0 = Release|Any CPU
		{79BA2FE9-745E-4AC1-ACA3-F7D57E968598}.Debug|Any CPU.ActiveCfg = Debug|Any CPU
		{79BA2FE9-745E-4AC1-ACA3-F7D57E968598}.Debug|Any CPU.Build.0 = Debug|Any CPU
		{79BA2FE9-745E-4AC1-ACA3-F7D57E968598}.Release|Any CPU.ActiveCfg = Release|Any CPU
		{79BA2FE9-745E-4AC1-ACA3-F7D57E968598}.Release|Any CPU.Build.0 = Release|Any CPU
		{C3D2B310-8D9C-4DAB-86FB-C7D4AEB9A82A}.Debug|Any CPU.ActiveCfg = Debug|Any CPU
		{C3D2B310-8D9C-4DAB-86FB-C7D4AEB9A82A}.Debug|Any CPU.Build.0 = Debug|Any CPU
		{C3D2B310-8D9C-4DAB-86FB-C7D4AEB9A82A}.Release|Any CPU.ActiveCfg = Release|Any CPU
		{C3D2B310-8D9C-4DAB-86FB-C7D4AEB9A82A}.Release|Any CPU.Build.0 = Release|Any CPU
	EndGlobalSection
	GlobalSection(SolutionProperties) = preSolution
		HideSolutionNode = FALSE
	EndGlobalSection
	GlobalSection(ExtensibilityGlobals) = postSolution
		SolutionGuid = {E9CF633B-17DE-45DD-9288-DB7C67B5CC7E}
	EndGlobalSection
EndGlobal
